// !$*UTF8*$!
{
	archiveVersion = 1;
	classes = {
	};
	objectVersion = 52;
	objects = {

/* Begin PBXBuildFile section */
		329C39D7256C17FA00B69E17 /* GlobalHelper.swift in Sources */ = {isa = PBXBuildFile; fileRef = 329C39D6256C17FA00B69E17 /* GlobalHelper.swift */; };
		329C39DC256CC66200B69E17 /* SportsList.swift in Sources */ = {isa = PBXBuildFile; fileRef = 329C39DB256CC66100B69E17 /* SportsList.swift */; };
		329C39DF256CC8C300B69E17 /* Sport.swift in Sources */ = {isa = PBXBuildFile; fileRef = 329C39DE256CC8C300B69E17 /* Sport.swift */; };
		329C39E2256CD32800B69E17 /* NearbyCoach.swift in Sources */ = {isa = PBXBuildFile; fileRef = 329C39E1256CD32700B69E17 /* NearbyCoach.swift */; };
		329C39E6256D0B8200B69E17 /* CoachTabBar.swift in Sources */ = {isa = PBXBuildFile; fileRef = 329C39E5256D0B8200B69E17 /* CoachTabBar.swift */; };
		329C39EA256D0DCC00B69E17 /* CoachHome.swift in Sources */ = {isa = PBXBuildFile; fileRef = 329C39E9256D0DCB00B69E17 /* CoachHome.swift */; };
		329C39ED256D0FB300B69E17 /* SessionCardView.swift in Sources */ = {isa = PBXBuildFile; fileRef = 329C39EC256D0FB300B69E17 /* SessionCardView.swift */; };
		329C39F0256D10D600B69E17 /* RecentBooking.swift in Sources */ = {isa = PBXBuildFile; fileRef = 329C39EF256D10D600B69E17 /* RecentBooking.swift */; };
		4F0337112572225E00F1BF18 /* LoginView.swift in Sources */ = {isa = PBXBuildFile; fileRef = 4F0337102572225E00F1BF18 /* LoginView.swift */; };
		4F03371525722D8600F1BF18 /* PlaceHolderStyle.swift in Sources */ = {isa = PBXBuildFile; fileRef = 4F03371425722D8600F1BF18 /* PlaceHolderStyle.swift */; };
		4F0337182572318A00F1BF18 /* Colors.swift in Sources */ = {isa = PBXBuildFile; fileRef = 4F0337172572318A00F1BF18 /* Colors.swift */; };
		4F03371B257235CC00F1BF18 /* CreateAccountView.swift in Sources */ = {isa = PBXBuildFile; fileRef = 4F03371A257235CC00F1BF18 /* CreateAccountView.swift */; };
		4F03371E2572476900F1BF18 /* RadioButton.swift in Sources */ = {isa = PBXBuildFile; fileRef = 4F03371D2572476900F1BF18 /* RadioButton.swift */; };
		4F0337232572574100F1BF18 /* PersonalInfoView.swift in Sources */ = {isa = PBXBuildFile; fileRef = 4F0337222572574100F1BF18 /* PersonalInfoView.swift */; };
		4F03372625725D1D00F1BF18 /* SportsListView.swift in Sources */ = {isa = PBXBuildFile; fileRef = 4F03372525725D1D00F1BF18 /* SportsListView.swift */; };
		4F0337332572663A00F1BF18 /* Extensions.swift in Sources */ = {isa = PBXBuildFile; fileRef = 4F0337322572663A00F1BF18 /* Extensions.swift */; };
		4F03373825726C9500F1BF18 /* ImagePickerView.swift in Sources */ = {isa = PBXBuildFile; fileRef = 4F03373725726C9500F1BF18 /* ImagePickerView.swift */; };
		4F03374125729A0300F1BF18 /* UserManager.swift in Sources */ = {isa = PBXBuildFile; fileRef = 4F03374025729A0300F1BF18 /* UserManager.swift */; };
		4F03374B2572B5BB00F1BF18 /* LoginTextField.swift in Sources */ = {isa = PBXBuildFile; fileRef = 4F03374A2572B5BB00F1BF18 /* LoginTextField.swift */; };
		4F03374E2572B61500F1BF18 /* RoundedButton.swift in Sources */ = {isa = PBXBuildFile; fileRef = 4F03374D2572B61500F1BF18 /* RoundedButton.swift */; };
		4F0337512572B63D00F1BF18 /* LoginBottomView.swift in Sources */ = {isa = PBXBuildFile; fileRef = 4F0337502572B63D00F1BF18 /* LoginBottomView.swift */; };
		4F0DC43E256C1B2C002F2364 /* KingfisherSwiftUI in Frameworks */ = {isa = PBXBuildFile; productRef = 4F0DC43D256C1B2C002F2364 /* KingfisherSwiftUI */; };
		4F0DC464256D143A002F2364 /* ProfileView.swift in Sources */ = {isa = PBXBuildFile; fileRef = 4F0DC463256D143A002F2364 /* ProfileView.swift */; };
		4F2D8E40256BD500001A14C3 /* BookMyCoachApp.swift in Sources */ = {isa = PBXBuildFile; fileRef = 4F2D8E3F256BD500001A14C3 /* BookMyCoachApp.swift */; };
		4F2D8E42256BD500001A14C3 /* ContentView.swift in Sources */ = {isa = PBXBuildFile; fileRef = 4F2D8E41256BD500001A14C3 /* ContentView.swift */; };
		4F2D8E44256BD503001A14C3 /* Assets.xcassets in Resources */ = {isa = PBXBuildFile; fileRef = 4F2D8E43256BD503001A14C3 /* Assets.xcassets */; };
		4F2D8E47256BD503001A14C3 /* Preview Assets.xcassets in Resources */ = {isa = PBXBuildFile; fileRef = 4F2D8E46256BD503001A14C3 /* Preview Assets.xcassets */; };
		4F2D8E50256BD8C1001A14C3 /* PlayerHome.swift in Sources */ = {isa = PBXBuildFile; fileRef = 4F2D8E4F256BD8C1001A14C3 /* PlayerHome.swift */; };
		4F2D8E57256BD964001A14C3 /* HeaderView.swift in Sources */ = {isa = PBXBuildFile; fileRef = 4F2D8E56256BD964001A14C3 /* HeaderView.swift */; };
		4F2D8E5B256C06FC001A14C3 /* CardView.swift in Sources */ = {isa = PBXBuildFile; fileRef = 4F2D8E5A256C06FC001A14C3 /* CardView.swift */; };
		4F2D8E5F256C082E001A14C3 /* User.swift in Sources */ = {isa = PBXBuildFile; fileRef = 4F2D8E5E256C082E001A14C3 /* User.swift */; };
		4F2D8E63256C0A57001A14C3 /* Booking.swift in Sources */ = {isa = PBXBuildFile; fileRef = 4F2D8E62256C0A57001A14C3 /* Booking.swift */; };
		4F6038882576A06600129F73 /* Constant.swift in Sources */ = {isa = PBXBuildFile; fileRef = 4F6038872576A06600129F73 /* Constant.swift */; };
		4F60388B25774D3100129F73 /* LocationManager.swift in Sources */ = {isa = PBXBuildFile; fileRef = 4F60388A25774D3100129F73 /* LocationManager.swift */; };
		4F60388E25775C5500129F73 /* BookingRequest.swift in Sources */ = {isa = PBXBuildFile; fileRef = 4F60388D25775C5500129F73 /* BookingRequest.swift */; };
		4F60389125776C2200129F73 /* PlayerHomeViewModel.swift in Sources */ = {isa = PBXBuildFile; fileRef = 4F60389025776C2200129F73 /* PlayerHomeViewModel.swift */; };
		4F60389425776E6C00129F73 /* MyBookingViewModel.swift in Sources */ = {isa = PBXBuildFile; fileRef = 4F60389325776E6C00129F73 /* MyBookingViewModel.swift */; };
		4F60389725776E9300129F73 /* NearbyCoachViewModel.swift in Sources */ = {isa = PBXBuildFile; fileRef = 4F60389625776E9300129F73 /* NearbyCoachViewModel.swift */; };
		4FB6DD782573AC1B001304F3 /* DPRequestConnection.swift in Sources */ = {isa = PBXBuildFile; fileRef = 4FB6DD692573AC1A001304F3 /* DPRequestConnection.swift */; };
		4FB6DD792573AC1B001304F3 /* DPRequestConnectionConfiguration.swift in Sources */ = {isa = PBXBuildFile; fileRef = 4FB6DD6A2573AC1A001304F3 /* DPRequestConnectionConfiguration.swift */; };
		4FB6DD7A2573AC1B001304F3 /* DPRequestPath.swift in Sources */ = {isa = PBXBuildFile; fileRef = 4FB6DD6C2573AC1B001304F3 /* DPRequestPath.swift */; };
		4FB6DD7B2573AC1B001304F3 /* DPHTTPStatusCode.swift in Sources */ = {isa = PBXBuildFile; fileRef = 4FB6DD6D2573AC1B001304F3 /* DPHTTPStatusCode.swift */; };
		4FB6DD7C2573AC1B001304F3 /* DPRequestMethod.swift in Sources */ = {isa = PBXBuildFile; fileRef = 4FB6DD6E2573AC1B001304F3 /* DPRequestMethod.swift */; };
		4FB6DD7D2573AC1B001304F3 /* DPRequestBody.swift in Sources */ = {isa = PBXBuildFile; fileRef = 4FB6DD6F2573AC1B001304F3 /* DPRequestBody.swift */; };
		4FB6DD7E2573AC1B001304F3 /* DPRequestProtocol.swift in Sources */ = {isa = PBXBuildFile; fileRef = 4FB6DD702573AC1B001304F3 /* DPRequestProtocol.swift */; };
		4FB6DD7F2573AC1B001304F3 /* DPRequestBodyEncodeType.swift in Sources */ = {isa = PBXBuildFile; fileRef = 4FB6DD712573AC1B001304F3 /* DPRequestBodyEncodeType.swift */; };
		4FB6DD802573AC1B001304F3 /* DPResponse.swift in Sources */ = {isa = PBXBuildFile; fileRef = 4FB6DD722573AC1B001304F3 /* DPResponse.swift */; };
		4FB6DD812573AC1B001304F3 /* DPLogger.swift in Sources */ = {isa = PBXBuildFile; fileRef = 4FB6DD732573AC1B001304F3 /* DPLogger.swift */; };
		4FB6DD822573AC1B001304F3 /* DPRequestProtocol+Helper.swift in Sources */ = {isa = PBXBuildFile; fileRef = 4FB6DD752573AC1B001304F3 /* DPRequestProtocol+Helper.swift */; };
		4FB6DD832573AC1B001304F3 /* DPRequestProtocol+Service.swift in Sources */ = {isa = PBXBuildFile; fileRef = 4FB6DD762573AC1B001304F3 /* DPRequestProtocol+Service.swift */; };
		4FB6DD842573AC1B001304F3 /* URLRequest+PrepareBody.swift in Sources */ = {isa = PBXBuildFile; fileRef = 4FB6DD772573AC1B001304F3 /* URLRequest+PrepareBody.swift */; };
		4FB6DD8E2573AC46001304F3 /* APIService+RequestPath.swift in Sources */ = {isa = PBXBuildFile; fileRef = 4FB6DD892573AC46001304F3 /* APIService+RequestPath.swift */; };
		4FB6DD8F2573AC46001304F3 /* APIService.swift in Sources */ = {isa = PBXBuildFile; fileRef = 4FB6DD8A2573AC46001304F3 /* APIService.swift */; };
		4FB6DD902573AC46001304F3 /* APIService+RequestBody.swift in Sources */ = {isa = PBXBuildFile; fileRef = 4FB6DD8B2573AC46001304F3 /* APIService+RequestBody.swift */; };
		4FB6DD962573AF7C001304F3 /* UserRequest.swift in Sources */ = {isa = PBXBuildFile; fileRef = 4FB6DD952573AF7C001304F3 /* UserRequest.swift */; };
		4FB6DD9B2573B225001304F3 /* CoachRequest.swift in Sources */ = {isa = PBXBuildFile; fileRef = 4FB6DD9A2573B225001304F3 /* CoachRequest.swift */; };
		4FB6DDA22573BCFC001304F3 /* DPBaseAPIResponse.swift in Sources */ = {isa = PBXBuildFile; fileRef = 4FB6DDA12573BCFC001304F3 /* DPBaseAPIResponse.swift */; };
		4FB6DDA62573C281001304F3 /* ActivityIndicatorView in Frameworks */ = {isa = PBXBuildFile; productRef = 4FB6DDA52573C281001304F3 /* ActivityIndicatorView */; };
		4FB6DDB22574FCFB001304F3 /* ProfileSettingsView.swift in Sources */ = {isa = PBXBuildFile; fileRef = 4FB6DDB12574FCFB001304F3 /* ProfileSettingsView.swift */; };
		4FB6DDB625753668001304F3 /* ChangePasswordView.swift in Sources */ = {isa = PBXBuildFile; fileRef = 4FB6DDB525753668001304F3 /* ChangePasswordView.swift */; };
		4FB6DDC12576455D001304F3 /* Image+Helper.swift in Sources */ = {isa = PBXBuildFile; fileRef = 4FB6DDC02576455D001304F3 /* Image+Helper.swift */; };
		4FB6DDC425764A8A001304F3 /* ImageLoader.swift in Sources */ = {isa = PBXBuildFile; fileRef = 4FB6DDC325764A8A001304F3 /* ImageLoader.swift */; };
		4FB6DDC725764ED6001304F3 /* CoachProfileView.swift in Sources */ = {isa = PBXBuildFile; fileRef = 4FB6DDC625764ED6001304F3 /* CoachProfileView.swift */; };
		4FB6DDCB257688C3001304F3 /* FirebaseStorage in Frameworks */ = {isa = PBXBuildFile; productRef = 4FB6DDCA257688C3001304F3 /* FirebaseStorage */; };
		4FB6DDCE25768920001304F3 /* StorageManager.swift in Sources */ = {isa = PBXBuildFile; fileRef = 4FB6DDCD25768920001304F3 /* StorageManager.swift */; };
		4FB6DDD1257689B5001304F3 /* GoogleService-Info.plist in Resources */ = {isa = PBXBuildFile; fileRef = 4FB6DDD0257689B5001304F3 /* GoogleService-Info.plist */; };
		4FB6DDD425768F66001304F3 /* UIImage+Compression.swift in Sources */ = {isa = PBXBuildFile; fileRef = 4FB6DDD325768F66001304F3 /* UIImage+Compression.swift */; };
/* End PBXBuildFile section */

/* Begin PBXFileReference section */
		329C39D6256C17FA00B69E17 /* GlobalHelper.swift */ = {isa = PBXFileReference; fileEncoding = 4; lastKnownFileType = sourcecode.swift; path = GlobalHelper.swift; sourceTree = "<group>"; };
		329C39DB256CC66100B69E17 /* SportsList.swift */ = {isa = PBXFileReference; lastKnownFileType = sourcecode.swift; path = SportsList.swift; sourceTree = "<group>"; };
		329C39DE256CC8C300B69E17 /* Sport.swift */ = {isa = PBXFileReference; lastKnownFileType = sourcecode.swift; path = Sport.swift; sourceTree = "<group>"; };
		329C39E1256CD32700B69E17 /* NearbyCoach.swift */ = {isa = PBXFileReference; lastKnownFileType = sourcecode.swift; path = NearbyCoach.swift; sourceTree = "<group>"; };
		329C39E5256D0B8200B69E17 /* CoachTabBar.swift */ = {isa = PBXFileReference; lastKnownFileType = sourcecode.swift; path = CoachTabBar.swift; sourceTree = "<group>"; };
		329C39E9256D0DCB00B69E17 /* CoachHome.swift */ = {isa = PBXFileReference; lastKnownFileType = sourcecode.swift; path = CoachHome.swift; sourceTree = "<group>"; };
		329C39EC256D0FB300B69E17 /* SessionCardView.swift */ = {isa = PBXFileReference; lastKnownFileType = sourcecode.swift; path = SessionCardView.swift; sourceTree = "<group>"; };
		329C39EF256D10D600B69E17 /* RecentBooking.swift */ = {isa = PBXFileReference; lastKnownFileType = sourcecode.swift; path = RecentBooking.swift; sourceTree = "<group>"; };
		4F0337102572225E00F1BF18 /* LoginView.swift */ = {isa = PBXFileReference; lastKnownFileType = sourcecode.swift; path = LoginView.swift; sourceTree = "<group>"; };
		4F03371425722D8600F1BF18 /* PlaceHolderStyle.swift */ = {isa = PBXFileReference; lastKnownFileType = sourcecode.swift; path = PlaceHolderStyle.swift; sourceTree = "<group>"; };
		4F0337172572318A00F1BF18 /* Colors.swift */ = {isa = PBXFileReference; lastKnownFileType = sourcecode.swift; path = Colors.swift; sourceTree = "<group>"; };
		4F03371A257235CC00F1BF18 /* CreateAccountView.swift */ = {isa = PBXFileReference; lastKnownFileType = sourcecode.swift; path = CreateAccountView.swift; sourceTree = "<group>"; };
		4F03371D2572476900F1BF18 /* RadioButton.swift */ = {isa = PBXFileReference; lastKnownFileType = sourcecode.swift; path = RadioButton.swift; sourceTree = "<group>"; };
		4F0337222572574100F1BF18 /* PersonalInfoView.swift */ = {isa = PBXFileReference; lastKnownFileType = sourcecode.swift; path = PersonalInfoView.swift; sourceTree = "<group>"; };
		4F03372525725D1D00F1BF18 /* SportsListView.swift */ = {isa = PBXFileReference; lastKnownFileType = sourcecode.swift; path = SportsListView.swift; sourceTree = "<group>"; };
		4F0337322572663A00F1BF18 /* Extensions.swift */ = {isa = PBXFileReference; lastKnownFileType = sourcecode.swift; path = Extensions.swift; sourceTree = "<group>"; };
		4F03373725726C9500F1BF18 /* ImagePickerView.swift */ = {isa = PBXFileReference; lastKnownFileType = sourcecode.swift; path = ImagePickerView.swift; sourceTree = "<group>"; };
		4F03374025729A0300F1BF18 /* UserManager.swift */ = {isa = PBXFileReference; lastKnownFileType = sourcecode.swift; path = UserManager.swift; sourceTree = "<group>"; };
		4F03374A2572B5BB00F1BF18 /* LoginTextField.swift */ = {isa = PBXFileReference; lastKnownFileType = sourcecode.swift; path = LoginTextField.swift; sourceTree = "<group>"; };
		4F03374D2572B61500F1BF18 /* RoundedButton.swift */ = {isa = PBXFileReference; lastKnownFileType = sourcecode.swift; path = RoundedButton.swift; sourceTree = "<group>"; };
		4F0337502572B63D00F1BF18 /* LoginBottomView.swift */ = {isa = PBXFileReference; lastKnownFileType = sourcecode.swift; path = LoginBottomView.swift; sourceTree = "<group>"; };
		4F0DC463256D143A002F2364 /* ProfileView.swift */ = {isa = PBXFileReference; lastKnownFileType = sourcecode.swift; path = ProfileView.swift; sourceTree = "<group>"; };
		4F2D8E3C256BD500001A14C3 /* BookMyCoach.app */ = {isa = PBXFileReference; explicitFileType = wrapper.application; includeInIndex = 0; path = BookMyCoach.app; sourceTree = BUILT_PRODUCTS_DIR; };
		4F2D8E3F256BD500001A14C3 /* BookMyCoachApp.swift */ = {isa = PBXFileReference; lastKnownFileType = sourcecode.swift; path = BookMyCoachApp.swift; sourceTree = "<group>"; };
		4F2D8E41256BD500001A14C3 /* ContentView.swift */ = {isa = PBXFileReference; lastKnownFileType = sourcecode.swift; path = ContentView.swift; sourceTree = "<group>"; };
		4F2D8E43256BD503001A14C3 /* Assets.xcassets */ = {isa = PBXFileReference; lastKnownFileType = folder.assetcatalog; path = Assets.xcassets; sourceTree = "<group>"; };
		4F2D8E46256BD503001A14C3 /* Preview Assets.xcassets */ = {isa = PBXFileReference; lastKnownFileType = folder.assetcatalog; path = "Preview Assets.xcassets"; sourceTree = "<group>"; };
		4F2D8E48256BD503001A14C3 /* Info.plist */ = {isa = PBXFileReference; lastKnownFileType = text.plist.xml; path = Info.plist; sourceTree = "<group>"; };
		4F2D8E4F256BD8C1001A14C3 /* PlayerHome.swift */ = {isa = PBXFileReference; lastKnownFileType = sourcecode.swift; path = PlayerHome.swift; sourceTree = "<group>"; };
		4F2D8E56256BD964001A14C3 /* HeaderView.swift */ = {isa = PBXFileReference; lastKnownFileType = sourcecode.swift; path = HeaderView.swift; sourceTree = "<group>"; };
		4F2D8E5A256C06FC001A14C3 /* CardView.swift */ = {isa = PBXFileReference; lastKnownFileType = sourcecode.swift; path = CardView.swift; sourceTree = "<group>"; };
		4F2D8E5E256C082E001A14C3 /* User.swift */ = {isa = PBXFileReference; lastKnownFileType = sourcecode.swift; path = User.swift; sourceTree = "<group>"; };
		4F2D8E62256C0A57001A14C3 /* Booking.swift */ = {isa = PBXFileReference; lastKnownFileType = sourcecode.swift; path = Booking.swift; sourceTree = "<group>"; };
		4F6038872576A06600129F73 /* Constant.swift */ = {isa = PBXFileReference; lastKnownFileType = sourcecode.swift; path = Constant.swift; sourceTree = "<group>"; };
		4F60388A25774D3100129F73 /* LocationManager.swift */ = {isa = PBXFileReference; lastKnownFileType = sourcecode.swift; path = LocationManager.swift; sourceTree = "<group>"; };
		4F60388D25775C5500129F73 /* BookingRequest.swift */ = {isa = PBXFileReference; lastKnownFileType = sourcecode.swift; path = BookingRequest.swift; sourceTree = "<group>"; };
		4F60389025776C2200129F73 /* PlayerHomeViewModel.swift */ = {isa = PBXFileReference; lastKnownFileType = sourcecode.swift; path = PlayerHomeViewModel.swift; sourceTree = "<group>"; };
		4F60389325776E6C00129F73 /* MyBookingViewModel.swift */ = {isa = PBXFileReference; lastKnownFileType = sourcecode.swift; path = MyBookingViewModel.swift; sourceTree = "<group>"; };
		4F60389625776E9300129F73 /* NearbyCoachViewModel.swift */ = {isa = PBXFileReference; lastKnownFileType = sourcecode.swift; path = NearbyCoachViewModel.swift; sourceTree = "<group>"; };
		4FB6DD692573AC1A001304F3 /* DPRequestConnection.swift */ = {isa = PBXFileReference; fileEncoding = 4; lastKnownFileType = sourcecode.swift; path = DPRequestConnection.swift; sourceTree = "<group>"; };
		4FB6DD6A2573AC1A001304F3 /* DPRequestConnectionConfiguration.swift */ = {isa = PBXFileReference; fileEncoding = 4; lastKnownFileType = sourcecode.swift; path = DPRequestConnectionConfiguration.swift; sourceTree = "<group>"; };
		4FB6DD6C2573AC1B001304F3 /* DPRequestPath.swift */ = {isa = PBXFileReference; fileEncoding = 4; lastKnownFileType = sourcecode.swift; path = DPRequestPath.swift; sourceTree = "<group>"; };
		4FB6DD6D2573AC1B001304F3 /* DPHTTPStatusCode.swift */ = {isa = PBXFileReference; fileEncoding = 4; lastKnownFileType = sourcecode.swift; path = DPHTTPStatusCode.swift; sourceTree = "<group>"; };
		4FB6DD6E2573AC1B001304F3 /* DPRequestMethod.swift */ = {isa = PBXFileReference; fileEncoding = 4; lastKnownFileType = sourcecode.swift; path = DPRequestMethod.swift; sourceTree = "<group>"; };
		4FB6DD6F2573AC1B001304F3 /* DPRequestBody.swift */ = {isa = PBXFileReference; fileEncoding = 4; lastKnownFileType = sourcecode.swift; path = DPRequestBody.swift; sourceTree = "<group>"; };
		4FB6DD702573AC1B001304F3 /* DPRequestProtocol.swift */ = {isa = PBXFileReference; fileEncoding = 4; lastKnownFileType = sourcecode.swift; path = DPRequestProtocol.swift; sourceTree = "<group>"; };
		4FB6DD712573AC1B001304F3 /* DPRequestBodyEncodeType.swift */ = {isa = PBXFileReference; fileEncoding = 4; lastKnownFileType = sourcecode.swift; path = DPRequestBodyEncodeType.swift; sourceTree = "<group>"; };
		4FB6DD722573AC1B001304F3 /* DPResponse.swift */ = {isa = PBXFileReference; fileEncoding = 4; lastKnownFileType = sourcecode.swift; path = DPResponse.swift; sourceTree = "<group>"; };
		4FB6DD732573AC1B001304F3 /* DPLogger.swift */ = {isa = PBXFileReference; fileEncoding = 4; lastKnownFileType = sourcecode.swift; path = DPLogger.swift; sourceTree = "<group>"; };
		4FB6DD752573AC1B001304F3 /* DPRequestProtocol+Helper.swift */ = {isa = PBXFileReference; fileEncoding = 4; lastKnownFileType = sourcecode.swift; path = "DPRequestProtocol+Helper.swift"; sourceTree = "<group>"; };
		4FB6DD762573AC1B001304F3 /* DPRequestProtocol+Service.swift */ = {isa = PBXFileReference; fileEncoding = 4; lastKnownFileType = sourcecode.swift; path = "DPRequestProtocol+Service.swift"; sourceTree = "<group>"; };
		4FB6DD772573AC1B001304F3 /* URLRequest+PrepareBody.swift */ = {isa = PBXFileReference; fileEncoding = 4; lastKnownFileType = sourcecode.swift; path = "URLRequest+PrepareBody.swift"; sourceTree = "<group>"; };
		4FB6DD892573AC46001304F3 /* APIService+RequestPath.swift */ = {isa = PBXFileReference; fileEncoding = 4; lastKnownFileType = sourcecode.swift; path = "APIService+RequestPath.swift"; sourceTree = "<group>"; };
		4FB6DD8A2573AC46001304F3 /* APIService.swift */ = {isa = PBXFileReference; fileEncoding = 4; lastKnownFileType = sourcecode.swift; path = APIService.swift; sourceTree = "<group>"; };
		4FB6DD8B2573AC46001304F3 /* APIService+RequestBody.swift */ = {isa = PBXFileReference; fileEncoding = 4; lastKnownFileType = sourcecode.swift; path = "APIService+RequestBody.swift"; sourceTree = "<group>"; };
		4FB6DD952573AF7C001304F3 /* UserRequest.swift */ = {isa = PBXFileReference; lastKnownFileType = sourcecode.swift; path = UserRequest.swift; sourceTree = "<group>"; };
		4FB6DD9A2573B225001304F3 /* CoachRequest.swift */ = {isa = PBXFileReference; lastKnownFileType = sourcecode.swift; path = CoachRequest.swift; sourceTree = "<group>"; };
		4FB6DDA12573BCFC001304F3 /* DPBaseAPIResponse.swift */ = {isa = PBXFileReference; lastKnownFileType = sourcecode.swift; path = DPBaseAPIResponse.swift; sourceTree = "<group>"; };
		4FB6DDB12574FCFB001304F3 /* ProfileSettingsView.swift */ = {isa = PBXFileReference; lastKnownFileType = sourcecode.swift; path = ProfileSettingsView.swift; sourceTree = "<group>"; };
		4FB6DDB525753668001304F3 /* ChangePasswordView.swift */ = {isa = PBXFileReference; lastKnownFileType = sourcecode.swift; path = ChangePasswordView.swift; sourceTree = "<group>"; };
		4FB6DDC02576455D001304F3 /* Image+Helper.swift */ = {isa = PBXFileReference; lastKnownFileType = sourcecode.swift; path = "Image+Helper.swift"; sourceTree = "<group>"; };
		4FB6DDC325764A8A001304F3 /* ImageLoader.swift */ = {isa = PBXFileReference; lastKnownFileType = sourcecode.swift; path = ImageLoader.swift; sourceTree = "<group>"; };
		4FB6DDC625764ED6001304F3 /* CoachProfileView.swift */ = {isa = PBXFileReference; lastKnownFileType = sourcecode.swift; path = CoachProfileView.swift; sourceTree = "<group>"; };
		4FB6DDCD25768920001304F3 /* StorageManager.swift */ = {isa = PBXFileReference; fileEncoding = 4; lastKnownFileType = sourcecode.swift; path = StorageManager.swift; sourceTree = "<group>"; };
		4FB6DDD0257689B5001304F3 /* GoogleService-Info.plist */ = {isa = PBXFileReference; fileEncoding = 4; lastKnownFileType = text.plist.xml; path = "GoogleService-Info.plist"; sourceTree = "<group>"; };
		4FB6DDD325768F66001304F3 /* UIImage+Compression.swift */ = {isa = PBXFileReference; fileEncoding = 4; lastKnownFileType = sourcecode.swift; path = "UIImage+Compression.swift"; sourceTree = "<group>"; };
/* End PBXFileReference section */

/* Begin PBXFrameworksBuildPhase section */
		4F2D8E39256BD500001A14C3 /* Frameworks */ = {
			isa = PBXFrameworksBuildPhase;
			buildActionMask = 2147483647;
			files = (
				4FB6DDA62573C281001304F3 /* ActivityIndicatorView in Frameworks */,
				4F0DC43E256C1B2C002F2364 /* KingfisherSwiftUI in Frameworks */,
				4FB6DDCB257688C3001304F3 /* FirebaseStorage in Frameworks */,
			);
			runOnlyForDeploymentPostprocessing = 0;
		};
/* End PBXFrameworksBuildPhase section */

/* Begin PBXGroup section */
		329C39D5256C17FA00B69E17 /* Helper */ = {
			isa = PBXGroup;
			children = (
				329C39D6256C17FA00B69E17 /* GlobalHelper.swift */,
				4F6038872576A06600129F73 /* Constant.swift */,
				4F03374325729B8900F1BF18 /* Extension */,
				4F0337172572318A00F1BF18 /* Colors.swift */,
			);
			path = Helper;
			sourceTree = "<group>";
		};
		4F03370F2572224B00F1BF18 /* Signup */ = {
			isa = PBXGroup;
			children = (
				4F0337102572225E00F1BF18 /* LoginView.swift */,
				4F03371A257235CC00F1BF18 /* CreateAccountView.swift */,
				4F0337222572574100F1BF18 /* PersonalInfoView.swift */,
				4F03372525725D1D00F1BF18 /* SportsListView.swift */,
			);
			path = Signup;
			sourceTree = "<group>";
		};
		4F0337282572609700F1BF18 /* ViewModel */ = {
			isa = PBXGroup;
			children = (
				4F60389025776C2200129F73 /* PlayerHomeViewModel.swift */,
				4F60389325776E6C00129F73 /* MyBookingViewModel.swift */,
				4F60389625776E9300129F73 /* NearbyCoachViewModel.swift */,
			);
			path = ViewModel;
			sourceTree = "<group>";
		};
		4F03373B257299E000F1BF18 /* Managers */ = {
			isa = PBXGroup;
			children = (
				4FB6DDD0257689B5001304F3 /* GoogleService-Info.plist */,
				4FB6DDCD25768920001304F3 /* StorageManager.swift */,
				4F03374025729A0300F1BF18 /* UserManager.swift */,
				4F60388A25774D3100129F73 /* LocationManager.swift */,
			);
			path = Managers;
			sourceTree = "<group>";
		};
		4F03374325729B8900F1BF18 /* Extension */ = {
			isa = PBXGroup;
			children = (
				4F0337322572663A00F1BF18 /* Extensions.swift */,
				4FB6DDD325768F66001304F3 /* UIImage+Compression.swift */,
				4FB6DDC02576455D001304F3 /* Image+Helper.swift */,
			);
			path = Extension;
			sourceTree = "<group>";
		};
		4F0DC466256D1606002F2364 /* Profile */ = {
			isa = PBXGroup;
			children = (
				4F0DC463256D143A002F2364 /* ProfileView.swift */,
				4FB6DDB12574FCFB001304F3 /* ProfileSettingsView.swift */,
				4FB6DDB525753668001304F3 /* ChangePasswordView.swift */,
			);
			path = Profile;
			sourceTree = "<group>";
		};
		4F2D8E33256BD500001A14C3 = {
			isa = PBXGroup;
			children = (
				4F2D8E3E256BD500001A14C3 /* BookMyCoach */,
				4F2D8E3D256BD500001A14C3 /* Products */,
			);
			sourceTree = "<group>";
		};
		4F2D8E3D256BD500001A14C3 /* Products */ = {
			isa = PBXGroup;
			children = (
				4F2D8E3C256BD500001A14C3 /* BookMyCoach.app */,
			);
			name = Products;
			sourceTree = "<group>";
		};
		4F2D8E3E256BD500001A14C3 /* BookMyCoach */ = {
			isa = PBXGroup;
			children = (
				4F2D8E3F256BD500001A14C3 /* BookMyCoachApp.swift */,
				329C39E5256D0B8200B69E17 /* CoachTabBar.swift */,
				4F2D8E41256BD500001A14C3 /* ContentView.swift */,
				329C39D5256C17FA00B69E17 /* Helper */,
				4F2D8E53256BD92E001A14C3 /* Views */,
				4F2D8E5D256C0762001A14C3 /* Models */,
				4F0337282572609700F1BF18 /* ViewModel */,
				4F03373B257299E000F1BF18 /* Managers */,
				4FB6DD642573ABB9001304F3 /* Utilities */,
				4F2D8E43256BD503001A14C3 /* Assets.xcassets */,
				4F2D8E48256BD503001A14C3 /* Info.plist */,
				4F2D8E45256BD503001A14C3 /* Preview Content */,
			);
			path = BookMyCoach;
			sourceTree = "<group>";
		};
		4F2D8E45256BD503001A14C3 /* Preview Content */ = {
			isa = PBXGroup;
			children = (
				4F2D8E46256BD503001A14C3 /* Preview Assets.xcassets */,
			);
			path = "Preview Content";
			sourceTree = "<group>";
		};
		4F2D8E52256BD922001A14C3 /* Home */ = {
			isa = PBXGroup;
			children = (
				4F2D8E4F256BD8C1001A14C3 /* PlayerHome.swift */,
				329C39E9256D0DCB00B69E17 /* CoachHome.swift */,
				4F2D8E5A256C06FC001A14C3 /* CardView.swift */,
				329C39DB256CC66100B69E17 /* SportsList.swift */,
				329C39E1256CD32700B69E17 /* NearbyCoach.swift */,
				329C39EC256D0FB300B69E17 /* SessionCardView.swift */,
				329C39EF256D10D600B69E17 /* RecentBooking.swift */,
				4FB6DDC625764ED6001304F3 /* CoachProfileView.swift */,
			);
			path = Home;
			sourceTree = "<group>";
		};
		4F2D8E53256BD92E001A14C3 /* Views */ = {
			isa = PBXGroup;
			children = (
				4F03370F2572224B00F1BF18 /* Signup */,
				4F2D8E55256BD93B001A14C3 /* HelperViews */,
				4F2D8E52256BD922001A14C3 /* Home */,
				4F0DC466256D1606002F2364 /* Profile */,
			);
			path = Views;
			sourceTree = "<group>";
		};
		4F2D8E55256BD93B001A14C3 /* HelperViews */ = {
			isa = PBXGroup;
			children = (
				4F2D8E56256BD964001A14C3 /* HeaderView.swift */,
				4F03371425722D8600F1BF18 /* PlaceHolderStyle.swift */,
				4F03371D2572476900F1BF18 /* RadioButton.swift */,
				4F03373725726C9500F1BF18 /* ImagePickerView.swift */,
				4F03374A2572B5BB00F1BF18 /* LoginTextField.swift */,
				4F03374D2572B61500F1BF18 /* RoundedButton.swift */,
				4F0337502572B63D00F1BF18 /* LoginBottomView.swift */,
				4FB6DDC325764A8A001304F3 /* ImageLoader.swift */,
			);
			path = HelperViews;
			sourceTree = "<group>";
		};
		4F2D8E5D256C0762001A14C3 /* Models */ = {
			isa = PBXGroup;
			children = (
				4F2D8E5E256C082E001A14C3 /* User.swift */,
				4F2D8E62256C0A57001A14C3 /* Booking.swift */,
				329C39DE256CC8C300B69E17 /* Sport.swift */,
			);
			path = Models;
			sourceTree = "<group>";
		};
		4FB6DD642573ABB9001304F3 /* Utilities */ = {
			isa = PBXGroup;
			children = (
				4FB6DD862573AC46001304F3 /* APIService */,
				4FB6DD672573AC00001304F3 /* RequestConnection */,
			);
			path = Utilities;
			sourceTree = "<group>";
		};
		4FB6DD672573AC00001304F3 /* RequestConnection */ = {
			isa = PBXGroup;
			children = (
				4FB6DD682573AC1A001304F3 /* Connection */,
				4FB6DD742573AC1B001304F3 /* Helpers */,
				4FB6DD6B2573AC1B001304F3 /* Models */,
			);
			path = RequestConnection;
			sourceTree = "<group>";
		};
		4FB6DD682573AC1A001304F3 /* Connection */ = {
			isa = PBXGroup;
			children = (
				4FB6DD692573AC1A001304F3 /* DPRequestConnection.swift */,
				4FB6DD6A2573AC1A001304F3 /* DPRequestConnectionConfiguration.swift */,
			);
			path = Connection;
			sourceTree = "<group>";
		};
		4FB6DD6B2573AC1B001304F3 /* Models */ = {
			isa = PBXGroup;
			children = (
				4FB6DD6C2573AC1B001304F3 /* DPRequestPath.swift */,
				4FB6DD6D2573AC1B001304F3 /* DPHTTPStatusCode.swift */,
				4FB6DD6E2573AC1B001304F3 /* DPRequestMethod.swift */,
				4FB6DD6F2573AC1B001304F3 /* DPRequestBody.swift */,
				4FB6DD702573AC1B001304F3 /* DPRequestProtocol.swift */,
				4FB6DD712573AC1B001304F3 /* DPRequestBodyEncodeType.swift */,
				4FB6DD722573AC1B001304F3 /* DPResponse.swift */,
				4FB6DD732573AC1B001304F3 /* DPLogger.swift */,
				4FB6DDA12573BCFC001304F3 /* DPBaseAPIResponse.swift */,
			);
			path = Models;
			sourceTree = "<group>";
		};
		4FB6DD742573AC1B001304F3 /* Helpers */ = {
			isa = PBXGroup;
			children = (
				4FB6DD752573AC1B001304F3 /* DPRequestProtocol+Helper.swift */,
				4FB6DD762573AC1B001304F3 /* DPRequestProtocol+Service.swift */,
				4FB6DD772573AC1B001304F3 /* URLRequest+PrepareBody.swift */,
			);
			path = Helpers;
			sourceTree = "<group>";
		};
		4FB6DD862573AC46001304F3 /* APIService */ = {
			isa = PBXGroup;
			children = (
				4FB6DD942573AF5F001304F3 /* Requests */,
				4FB6DD8A2573AC46001304F3 /* APIService.swift */,
				4FB6DD892573AC46001304F3 /* APIService+RequestPath.swift */,
				4FB6DD8B2573AC46001304F3 /* APIService+RequestBody.swift */,
			);
			path = APIService;
			sourceTree = "<group>";
		};
		4FB6DD942573AF5F001304F3 /* Requests */ = {
			isa = PBXGroup;
			children = (
				4FB6DD952573AF7C001304F3 /* UserRequest.swift */,
				4FB6DD9A2573B225001304F3 /* CoachRequest.swift */,
				4F60388D25775C5500129F73 /* BookingRequest.swift */,
			);
			path = Requests;
			sourceTree = "<group>";
		};
/* End PBXGroup section */

/* Begin PBXNativeTarget section */
		4F2D8E3B256BD500001A14C3 /* BookMyCoach */ = {
			isa = PBXNativeTarget;
			buildConfigurationList = 4F2D8E4B256BD503001A14C3 /* Build configuration list for PBXNativeTarget "BookMyCoach" */;
			buildPhases = (
				4F2D8E38256BD500001A14C3 /* Sources */,
				4F2D8E39256BD500001A14C3 /* Frameworks */,
				4F2D8E3A256BD500001A14C3 /* Resources */,
			);
			buildRules = (
			);
			dependencies = (
			);
			name = BookMyCoach;
			packageProductDependencies = (
				4F0DC43D256C1B2C002F2364 /* KingfisherSwiftUI */,
				4FB6DDA52573C281001304F3 /* ActivityIndicatorView */,
				4FB6DDCA257688C3001304F3 /* FirebaseStorage */,
			);
			productName = BookMyCoach;
			productReference = 4F2D8E3C256BD500001A14C3 /* BookMyCoach.app */;
			productType = "com.apple.product-type.application";
		};
/* End PBXNativeTarget section */

/* Begin PBXProject section */
		4F2D8E34256BD500001A14C3 /* Project object */ = {
			isa = PBXProject;
			attributes = {
				LastSwiftUpdateCheck = 1220;
				LastUpgradeCheck = 1220;
				TargetAttributes = {
					4F2D8E3B256BD500001A14C3 = {
						CreatedOnToolsVersion = 12.2;
					};
				};
			};
			buildConfigurationList = 4F2D8E37256BD500001A14C3 /* Build configuration list for PBXProject "BookMyCoach" */;
			compatibilityVersion = "Xcode 9.3";
			developmentRegion = en;
			hasScannedForEncodings = 0;
			knownRegions = (
				en,
				Base,
			);
			mainGroup = 4F2D8E33256BD500001A14C3;
			packageReferences = (
				4F0DC43C256C1B2B002F2364 /* XCRemoteSwiftPackageReference "Kingfisher" */,
				4FB6DDA42573C281001304F3 /* XCRemoteSwiftPackageReference "ActivityIndicatorView" */,
				4FB6DDC9257688C3001304F3 /* XCRemoteSwiftPackageReference "firebase-ios-sdk" */,
			);
			productRefGroup = 4F2D8E3D256BD500001A14C3 /* Products */;
			projectDirPath = "";
			projectRoot = "";
			targets = (
				4F2D8E3B256BD500001A14C3 /* BookMyCoach */,
			);
		};
/* End PBXProject section */

/* Begin PBXResourcesBuildPhase section */
		4F2D8E3A256BD500001A14C3 /* Resources */ = {
			isa = PBXResourcesBuildPhase;
			buildActionMask = 2147483647;
			files = (
				4F2D8E47256BD503001A14C3 /* Preview Assets.xcassets in Resources */,
				4F2D8E44256BD503001A14C3 /* Assets.xcassets in Resources */,
				4FB6DDD1257689B5001304F3 /* GoogleService-Info.plist in Resources */,
			);
			runOnlyForDeploymentPostprocessing = 0;
		};
/* End PBXResourcesBuildPhase section */

/* Begin PBXSourcesBuildPhase section */
		4F2D8E38256BD500001A14C3 /* Sources */ = {
			isa = PBXSourcesBuildPhase;
			buildActionMask = 2147483647;
			files = (
				4FB6DD7B2573AC1B001304F3 /* DPHTTPStatusCode.swift in Sources */,
				4FB6DD822573AC1B001304F3 /* DPRequestProtocol+Helper.swift in Sources */,
				4F60389125776C2200129F73 /* PlayerHomeViewModel.swift in Sources */,
				329C39F0256D10D600B69E17 /* RecentBooking.swift in Sources */,
				4F0337332572663A00F1BF18 /* Extensions.swift in Sources */,
				4FB6DD9B2573B225001304F3 /* CoachRequest.swift in Sources */,
				4F0337232572574100F1BF18 /* PersonalInfoView.swift in Sources */,
				329C39DF256CC8C300B69E17 /* Sport.swift in Sources */,
				4FB6DD962573AF7C001304F3 /* UserRequest.swift in Sources */,
				329C39ED256D0FB300B69E17 /* SessionCardView.swift in Sources */,
				4FB6DD792573AC1B001304F3 /* DPRequestConnectionConfiguration.swift in Sources */,
				329C39E6256D0B8200B69E17 /* CoachTabBar.swift in Sources */,
				4F2D8E42256BD500001A14C3 /* ContentView.swift in Sources */,
				4FB6DDB22574FCFB001304F3 /* ProfileSettingsView.swift in Sources */,
				4F2D8E40256BD500001A14C3 /* BookMyCoachApp.swift in Sources */,
				4F2D8E63256C0A57001A14C3 /* Booking.swift in Sources */,
				4FB6DDD425768F66001304F3 /* UIImage+Compression.swift in Sources */,
				4F0DC464256D143A002F2364 /* ProfileView.swift in Sources */,
				4F60388B25774D3100129F73 /* LocationManager.swift in Sources */,
				4FB6DD7C2573AC1B001304F3 /* DPRequestMethod.swift in Sources */,
				4F0337512572B63D00F1BF18 /* LoginBottomView.swift in Sources */,
				4F2D8E50256BD8C1001A14C3 /* PlayerHome.swift in Sources */,
				4F03372625725D1D00F1BF18 /* SportsListView.swift in Sources */,
				4FB6DD902573AC46001304F3 /* APIService+RequestBody.swift in Sources */,
				4FB6DDCE25768920001304F3 /* StorageManager.swift in Sources */,
				4FB6DD802573AC1B001304F3 /* DPResponse.swift in Sources */,
				4FB6DD7D2573AC1B001304F3 /* DPRequestBody.swift in Sources */,
				4FB6DDC725764ED6001304F3 /* CoachProfileView.swift in Sources */,
				4F03374B2572B5BB00F1BF18 /* LoginTextField.swift in Sources */,
				4FB6DDA22573BCFC001304F3 /* DPBaseAPIResponse.swift in Sources */,
				329C39EA256D0DCC00B69E17 /* CoachHome.swift in Sources */,
				4FB6DD7E2573AC1B001304F3 /* DPRequestProtocol.swift in Sources */,
				4FB6DD782573AC1B001304F3 /* DPRequestConnection.swift in Sources */,
				4F0337112572225E00F1BF18 /* LoginView.swift in Sources */,
				329C39E2256CD32800B69E17 /* NearbyCoach.swift in Sources */,
				4F60389725776E9300129F73 /* NearbyCoachViewModel.swift in Sources */,
				4F0337182572318A00F1BF18 /* Colors.swift in Sources */,
				4F2D8E57256BD964001A14C3 /* HeaderView.swift in Sources */,
				4F6038882576A06600129F73 /* Constant.swift in Sources */,
				4F03374125729A0300F1BF18 /* UserManager.swift in Sources */,
				4F03371B257235CC00F1BF18 /* CreateAccountView.swift in Sources */,
				4FB6DD7A2573AC1B001304F3 /* DPRequestPath.swift in Sources */,
				4F03371E2572476900F1BF18 /* RadioButton.swift in Sources */,
				4F60388E25775C5500129F73 /* BookingRequest.swift in Sources */,
				4FB6DDB625753668001304F3 /* ChangePasswordView.swift in Sources */,
				4FB6DDC12576455D001304F3 /* Image+Helper.swift in Sources */,
				4FB6DDC425764A8A001304F3 /* ImageLoader.swift in Sources */,
				329C39DC256CC66200B69E17 /* SportsList.swift in Sources */,
				4FB6DD7F2573AC1B001304F3 /* DPRequestBodyEncodeType.swift in Sources */,
				4F2D8E5F256C082E001A14C3 /* User.swift in Sources */,
				4FB6DD8E2573AC46001304F3 /* APIService+RequestPath.swift in Sources */,
				4F60389425776E6C00129F73 /* MyBookingViewModel.swift in Sources */,
				4F03373825726C9500F1BF18 /* ImagePickerView.swift in Sources */,
				4F03371525722D8600F1BF18 /* PlaceHolderStyle.swift in Sources */,
				4FB6DD832573AC1B001304F3 /* DPRequestProtocol+Service.swift in Sources */,
				4FB6DD8F2573AC46001304F3 /* APIService.swift in Sources */,
				4F03374E2572B61500F1BF18 /* RoundedButton.swift in Sources */,
				4FB6DD842573AC1B001304F3 /* URLRequest+PrepareBody.swift in Sources */,
				4FB6DD812573AC1B001304F3 /* DPLogger.swift in Sources */,
				329C39D7256C17FA00B69E17 /* GlobalHelper.swift in Sources */,
				4F2D8E5B256C06FC001A14C3 /* CardView.swift in Sources */,
			);
			runOnlyForDeploymentPostprocessing = 0;
		};
/* End PBXSourcesBuildPhase section */

/* Begin XCBuildConfiguration section */
		4F2D8E49256BD503001A14C3 /* Debug */ = {
			isa = XCBuildConfiguration;
			buildSettings = {
				ALWAYS_SEARCH_USER_PATHS = NO;
				CLANG_ANALYZER_NONNULL = YES;
				CLANG_ANALYZER_NUMBER_OBJECT_CONVERSION = YES_AGGRESSIVE;
				CLANG_CXX_LANGUAGE_STANDARD = "gnu++14";
				CLANG_CXX_LIBRARY = "libc++";
				CLANG_ENABLE_MODULES = YES;
				CLANG_ENABLE_OBJC_ARC = YES;
				CLANG_ENABLE_OBJC_WEAK = YES;
				CLANG_WARN_BLOCK_CAPTURE_AUTORELEASING = YES;
				CLANG_WARN_BOOL_CONVERSION = YES;
				CLANG_WARN_COMMA = YES;
				CLANG_WARN_CONSTANT_CONVERSION = YES;
				CLANG_WARN_DEPRECATED_OBJC_IMPLEMENTATIONS = YES;
				CLANG_WARN_DIRECT_OBJC_ISA_USAGE = YES_ERROR;
				CLANG_WARN_DOCUMENTATION_COMMENTS = YES;
				CLANG_WARN_EMPTY_BODY = YES;
				CLANG_WARN_ENUM_CONVERSION = YES;
				CLANG_WARN_INFINITE_RECURSION = YES;
				CLANG_WARN_INT_CONVERSION = YES;
				CLANG_WARN_NON_LITERAL_NULL_CONVERSION = YES;
				CLANG_WARN_OBJC_IMPLICIT_RETAIN_SELF = YES;
				CLANG_WARN_OBJC_LITERAL_CONVERSION = YES;
				CLANG_WARN_OBJC_ROOT_CLASS = YES_ERROR;
				CLANG_WARN_QUOTED_INCLUDE_IN_FRAMEWORK_HEADER = YES;
				CLANG_WARN_RANGE_LOOP_ANALYSIS = YES;
				CLANG_WARN_STRICT_PROTOTYPES = YES;
				CLANG_WARN_SUSPICIOUS_MOVE = YES;
				CLANG_WARN_UNGUARDED_AVAILABILITY = YES_AGGRESSIVE;
				CLANG_WARN_UNREACHABLE_CODE = YES;
				CLANG_WARN__DUPLICATE_METHOD_MATCH = YES;
				COPY_PHASE_STRIP = NO;
				DEBUG_INFORMATION_FORMAT = dwarf;
				ENABLE_STRICT_OBJC_MSGSEND = YES;
				ENABLE_TESTABILITY = YES;
				GCC_C_LANGUAGE_STANDARD = gnu11;
				GCC_DYNAMIC_NO_PIC = NO;
				GCC_NO_COMMON_BLOCKS = YES;
				GCC_OPTIMIZATION_LEVEL = 0;
				GCC_PREPROCESSOR_DEFINITIONS = (
					"DEBUG=1",
					"$(inherited)",
				);
				GCC_WARN_64_TO_32_BIT_CONVERSION = YES;
				GCC_WARN_ABOUT_RETURN_TYPE = YES_ERROR;
				GCC_WARN_UNDECLARED_SELECTOR = YES;
				GCC_WARN_UNINITIALIZED_AUTOS = YES_AGGRESSIVE;
				GCC_WARN_UNUSED_FUNCTION = YES;
				GCC_WARN_UNUSED_VARIABLE = YES;
				IPHONEOS_DEPLOYMENT_TARGET = 14.2;
				MTL_ENABLE_DEBUG_INFO = INCLUDE_SOURCE;
				MTL_FAST_MATH = YES;
				ONLY_ACTIVE_ARCH = YES;
				SDKROOT = iphoneos;
				SWIFT_ACTIVE_COMPILATION_CONDITIONS = DEBUG;
				SWIFT_OPTIMIZATION_LEVEL = "-Onone";
			};
			name = Debug;
		};
		4F2D8E4A256BD503001A14C3 /* Release */ = {
			isa = XCBuildConfiguration;
			buildSettings = {
				ALWAYS_SEARCH_USER_PATHS = NO;
				CLANG_ANALYZER_NONNULL = YES;
				CLANG_ANALYZER_NUMBER_OBJECT_CONVERSION = YES_AGGRESSIVE;
				CLANG_CXX_LANGUAGE_STANDARD = "gnu++14";
				CLANG_CXX_LIBRARY = "libc++";
				CLANG_ENABLE_MODULES = YES;
				CLANG_ENABLE_OBJC_ARC = YES;
				CLANG_ENABLE_OBJC_WEAK = YES;
				CLANG_WARN_BLOCK_CAPTURE_AUTORELEASING = YES;
				CLANG_WARN_BOOL_CONVERSION = YES;
				CLANG_WARN_COMMA = YES;
				CLANG_WARN_CONSTANT_CONVERSION = YES;
				CLANG_WARN_DEPRECATED_OBJC_IMPLEMENTATIONS = YES;
				CLANG_WARN_DIRECT_OBJC_ISA_USAGE = YES_ERROR;
				CLANG_WARN_DOCUMENTATION_COMMENTS = YES;
				CLANG_WARN_EMPTY_BODY = YES;
				CLANG_WARN_ENUM_CONVERSION = YES;
				CLANG_WARN_INFINITE_RECURSION = YES;
				CLANG_WARN_INT_CONVERSION = YES;
				CLANG_WARN_NON_LITERAL_NULL_CONVERSION = YES;
				CLANG_WARN_OBJC_IMPLICIT_RETAIN_SELF = YES;
				CLANG_WARN_OBJC_LITERAL_CONVERSION = YES;
				CLANG_WARN_OBJC_ROOT_CLASS = YES_ERROR;
				CLANG_WARN_QUOTED_INCLUDE_IN_FRAMEWORK_HEADER = YES;
				CLANG_WARN_RANGE_LOOP_ANALYSIS = YES;
				CLANG_WARN_STRICT_PROTOTYPES = YES;
				CLANG_WARN_SUSPICIOUS_MOVE = YES;
				CLANG_WARN_UNGUARDED_AVAILABILITY = YES_AGGRESSIVE;
				CLANG_WARN_UNREACHABLE_CODE = YES;
				CLANG_WARN__DUPLICATE_METHOD_MATCH = YES;
				COPY_PHASE_STRIP = NO;
				DEBUG_INFORMATION_FORMAT = "dwarf-with-dsym";
				ENABLE_NS_ASSERTIONS = NO;
				ENABLE_STRICT_OBJC_MSGSEND = YES;
				GCC_C_LANGUAGE_STANDARD = gnu11;
				GCC_NO_COMMON_BLOCKS = YES;
				GCC_WARN_64_TO_32_BIT_CONVERSION = YES;
				GCC_WARN_ABOUT_RETURN_TYPE = YES_ERROR;
				GCC_WARN_UNDECLARED_SELECTOR = YES;
				GCC_WARN_UNINITIALIZED_AUTOS = YES_AGGRESSIVE;
				GCC_WARN_UNUSED_FUNCTION = YES;
				GCC_WARN_UNUSED_VARIABLE = YES;
				IPHONEOS_DEPLOYMENT_TARGET = 14.2;
				MTL_ENABLE_DEBUG_INFO = NO;
				MTL_FAST_MATH = YES;
				SDKROOT = iphoneos;
				SWIFT_COMPILATION_MODE = wholemodule;
				SWIFT_OPTIMIZATION_LEVEL = "-O";
				VALIDATE_PRODUCT = YES;
			};
			name = Release;
		};
		4F2D8E4C256BD503001A14C3 /* Debug */ = {
			isa = XCBuildConfiguration;
			buildSettings = {
				ASSETCATALOG_COMPILER_APPICON_NAME = AppIcon;
				ASSETCATALOG_COMPILER_GLOBAL_ACCENT_COLOR_NAME = AccentColor;
				CODE_SIGN_IDENTITY = "Apple Development";
				CODE_SIGN_STYLE = Automatic;
				DEVELOPMENT_ASSET_PATHS = "\"BookMyCoach/Preview Content\"";
				DEVELOPMENT_TEAM = APAFPPCAVJ;
				ENABLE_PREVIEWS = YES;
				INFOPLIST_FILE = BookMyCoach/Info.plist;
				IPHONEOS_DEPLOYMENT_TARGET = 14.0;
				LD_RUNPATH_SEARCH_PATHS = (
					"$(inherited)",
					"@executable_path/Frameworks",
				);
				PRODUCT_BUNDLE_IDENTIFIER = com.digimo.BookMyCoach;
				PRODUCT_NAME = "$(TARGET_NAME)";
				PROVISIONING_PROFILE_SPECIFIER = "";
				SWIFT_VERSION = 5.0;
				TARGETED_DEVICE_FAMILY = "1,2";
			};
			name = Debug;
		};
		4F2D8E4D256BD503001A14C3 /* Release */ = {
			isa = XCBuildConfiguration;
			buildSettings = {
				ASSETCATALOG_COMPILER_APPICON_NAME = AppIcon;
				ASSETCATALOG_COMPILER_GLOBAL_ACCENT_COLOR_NAME = AccentColor;
				CODE_SIGN_IDENTITY = "Apple Development";
				CODE_SIGN_STYLE = Automatic;
				DEVELOPMENT_ASSET_PATHS = "\"BookMyCoach/Preview Content\"";
				DEVELOPMENT_TEAM = APAFPPCAVJ;
				ENABLE_PREVIEWS = YES;
				INFOPLIST_FILE = BookMyCoach/Info.plist;
				IPHONEOS_DEPLOYMENT_TARGET = 14.0;
				LD_RUNPATH_SEARCH_PATHS = (
					"$(inherited)",
					"@executable_path/Frameworks",
				);
				PRODUCT_BUNDLE_IDENTIFIER = com.digimo.BookMyCoach;
				PRODUCT_NAME = "$(TARGET_NAME)";
				PROVISIONING_PROFILE_SPECIFIER = "";
				SWIFT_VERSION = 5.0;
				TARGETED_DEVICE_FAMILY = "1,2";
			};
			name = Release;
		};
/* End XCBuildConfiguration section */

/* Begin XCConfigurationList section */
		4F2D8E37256BD500001A14C3 /* Build configuration list for PBXProject "BookMyCoach" */ = {
			isa = XCConfigurationList;
			buildConfigurations = (
				4F2D8E49256BD503001A14C3 /* Debug */,
				4F2D8E4A256BD503001A14C3 /* Release */,
			);
			defaultConfigurationIsVisible = 0;
			defaultConfigurationName = Release;
		};
		4F2D8E4B256BD503001A14C3 /* Build configuration list for PBXNativeTarget "BookMyCoach" */ = {
			isa = XCConfigurationList;
			buildConfigurations = (
				4F2D8E4C256BD503001A14C3 /* Debug */,
				4F2D8E4D256BD503001A14C3 /* Release */,
			);
			defaultConfigurationIsVisible = 0;
			defaultConfigurationName = Release;
		};
/* End XCConfigurationList section */

/* Begin XCRemoteSwiftPackageReference section */
		4F0DC43C256C1B2B002F2364 /* XCRemoteSwiftPackageReference "Kingfisher" */ = {
			isa = XCRemoteSwiftPackageReference;
			repositoryURL = "https://github.com/onevcat/Kingfisher";
			requirement = {
				kind = upToNextMajorVersion;
				minimumVersion = 5.15.7;
			};
		};
		4FB6DDA42573C281001304F3 /* XCRemoteSwiftPackageReference "ActivityIndicatorView" */ = {
			isa = XCRemoteSwiftPackageReference;
			repositoryURL = "https://github.com/exyte/ActivityIndicatorView.git";
			requirement = {
				kind = upToNextMajorVersion;
				minimumVersion = 0.0.6;
			};
		};
		4FB6DDC9257688C3001304F3 /* XCRemoteSwiftPackageReference "firebase-ios-sdk" */ = {
			isa = XCRemoteSwiftPackageReference;
			repositoryURL = "https://github.com/firebase/firebase-ios-sdk.git";
			requirement = {
				kind = upToNextMajorVersion;
				minimumVersion = 7.1.0;
			};
		};
/* End XCRemoteSwiftPackageReference section */

/* Begin XCSwiftPackageProductDependency section */
		4F0DC43D256C1B2C002F2364 /* KingfisherSwiftUI */ = {
			isa = XCSwiftPackageProductDependency;
			package = 4F0DC43C256C1B2B002F2364 /* XCRemoteSwiftPackageReference "Kingfisher" */;
			productName = KingfisherSwiftUI;
		};
		4FB6DDA52573C281001304F3 /* ActivityIndicatorView */ = {
			isa = XCSwiftPackageProductDependency;
			package = 4FB6DDA42573C281001304F3 /* XCRemoteSwiftPackageReference "ActivityIndicatorView" */;
			productName = ActivityIndicatorView;
		};
		4FB6DDCA257688C3001304F3 /* FirebaseStorage */ = {
			isa = XCSwiftPackageProductDependency;
			package = 4FB6DDC9257688C3001304F3 /* XCRemoteSwiftPackageReference "firebase-ios-sdk" */;
			productName = FirebaseStorage;
		};
/* End XCSwiftPackageProductDependency section */
	};
	rootObject = 4F2D8E34256BD500001A14C3 /* Project object */;
}
